
Microsoft Visual Studio Solution File, Format Version 12.00
# Visual Studio Version 16
VisualStudioVersion = 16.0.30413.136
MinimumVisualStudioVersion = 10.0.40219.1
Project("{FAE04EC0-301F-11D3-BF4B-00C04F79EFBC}") = "Converter", "Converter.csproj", "{82B92840-AD8C-43AE-B990-981D45D9C0EA}"
EndProject
Global
	GlobalSection(SolutionConfigurationPlatforms) = preSolution
		Debug|Any CPU = Debug|Any CPU
		Release|Any CPU = Release|Any CPU
	EndGlobalSection
	GlobalSection(ProjectConfigurationPlatforms) = postSolution
		{82B92840-AD8C-43AE-B990-981D45D9C0EA}.Debug|Any CPU.ActiveCfg = Debug|Any CPU
		{82B92840-AD8C-43AE-B990-981D45D9C0EA}.Debug|Any CPU.Build.0 = Debug|Any CPU
		{82B92840-AD8C-43AE-B990-981D45D9C0EA}.Release|Any CPU.ActiveCfg = Release|Any CPU
		{82B92840-AD8C-43AE-B990-981D45D9C0EA}.Release|Any CPU.Build.0 = Release|Any CPU
	EndGlobalSection
	GlobalSection(SolutionProperties) = preSolution
		HideSolutionNode = FALSE
	EndGlobalSection
	GlobalSection(ExtensibilityGlobals) = postSolution
		SolutionGuid = {4355947B-7F9C-4E8C-A1F2-806A93424FE8}
	EndGlobalSection
EndGlobal
